PODS:
  - Capacitor (6.1.1):
    - CapacitorCordova
  - CapacitorCordova (6.1.1)

DEPENDENCIES:
  - "Capacitor (from `../../../node_modules/@capacitor/ios`)"
  - "CapacitorCordova (from `../../../node_modules/@capacitor/ios`)"

EXTERNAL SOURCES:
  Capacitor:
    :path: "../../../node_modules/@capacitor/ios"
  CapacitorCordova:
    :path: "../../../node_modules/@capacitor/ios"

SPEC CHECKSUMS:
  Capacitor: 8941aba4364ba9d1b22188569001f2ce45cc2b00
  CapacitorCordova: 8f2cc8d8d3619c566e9418fe8772064a94266106

PODFILE CHECKSUM: 85ecc219bc74e6f1bf08d74a1b99da4ac507d7b0

COCOAPODS: 1.15.2
